
Microsoft Visual Studio Solution File, Format Version 12.00
# Visual Studio 15
VisualStudioVersion = 15.0.28307.539
MinimumVisualStudioVersion = 10.0.40219.1
Project("{FAE04EC0-301F-11D3-BF4B-00C04F79EFBC}") = "Resilience", "Resilience\Resilience.csproj", "{4BB338F9-119C-4294-A478-FCFE3FCE8F25}"
EndProject
Project("{FAE04EC0-301F-11D3-BF4B-00C04F79EFBC}") = "Resilience.Tests", "Resilience.Tests\Resilience.Tests.csproj", "{B350D8EC-4E56-4E8C-8492-9B9F5D89234B}"
EndProject
Global
	GlobalSection(SolutionConfigurationPlatforms) = preSolution
		Debug|Any CPU = Debug|Any CPU
		Release|Any CPU = Release|Any CPU
	EndGlobalSection
	GlobalSection(ProjectConfigurationPlatforms) = postSolution
		{4BB338F9-119C-4294-A478-FCFE3FCE8F25}.Debug|Any CPU.ActiveCfg = Debug|Any CPU
		{4BB338F9-119C-4294-A478-FCFE3FCE8F25}.Debug|Any CPU.Build.0 = Debug|Any CPU
		{4BB338F9-119C-4294-A478-FCFE3FCE8F25}.Release|Any CPU.ActiveCfg = Release|Any CPU
		{4BB338F9-119C-4294-A478-FCFE3FCE8F25}.Release|Any CPU.Build.0 = Release|Any CPU
		{B350D8EC-4E56-4E8C-8492-9B9F5D89234B}.Debug|Any CPU.ActiveCfg = Debug|Any CPU
		{B350D8EC-4E56-4E8C-8492-9B9F5D89234B}.Debug|Any CPU.Build.0 = Debug|Any CPU
		{B350D8EC-4E56-4E8C-8492-9B9F5D89234B}.Release|Any CPU.ActiveCfg = Release|Any CPU
		{B350D8EC-4E56-4E8C-8492-9B9F5D89234B}.Release|Any CPU.Build.0 = Release|Any CPU
	EndGlobalSection
	GlobalSection(SolutionProperties) = preSolution
		HideSolutionNode = FALSE
	EndGlobalSection
	GlobalSection(ExtensibilityGlobals) = postSolution
		SolutionGuid = {2CD2BA50-DA89-4BAC-95B7-CF5E5E47E68A}
	EndGlobalSection
EndGlobal
